// !$*UTF8*$!
{
	archiveVersion = 1;
	classes = {
	};
	objectVersion = 46;
	objects = {

/* Begin PBXBuildFile section */
		1D2E042EDEEEB531658010F0 /* Pods_Gou.framework in Frameworks */ = {isa = PBXBuildFile; fileRef = F09F88D9F7E068C43CC8D860 /* Pods_Gou.framework */; };
		A02B250A21CD9C7800819FB7 /* UserViewModel.swift in Sources */ = {isa = PBXBuildFile; fileRef = A02B250921CD9C7800819FB7 /* UserViewModel.swift */; };
		A02B250C21CD9EB500819FB7 /* ReviewViewModel.swift in Sources */ = {isa = PBXBuildFile; fileRef = A02B250B21CD9EB500819FB7 /* ReviewViewModel.swift */; };
		A02B250E21CDB9C300819FB7 /* Constants.swift in Sources */ = {isa = PBXBuildFile; fileRef = A02B250D21CDB9C300819FB7 /* Constants.swift */; };
		A02D69221F130E4D00C89DC6 /* AddPeopleController.swift in Sources */ = {isa = PBXBuildFile; fileRef = A02D69211F130E4D00C89DC6 /* AddPeopleController.swift */; };
		A02D69241F130ECF00C89DC6 /* Reachability.swift in Sources */ = {isa = PBXBuildFile; fileRef = A02D69231F130ECF00C89DC6 /* Reachability.swift */; };
		A02D69261F130EF000C89DC6 /* CustomImageView.swift in Sources */ = {isa = PBXBuildFile; fileRef = A02D69251F130EF000C89DC6 /* CustomImageView.swift */; };
		A02D69281F130F0A00C89DC6 /* Extensions.swift in Sources */ = {isa = PBXBuildFile; fileRef = A02D69271F130F0A00C89DC6 /* Extensions.swift */; };
		A02D692A1F130F2200C89DC6 /* FirebaseUtils.swift in Sources */ = {isa = PBXBuildFile; fileRef = A02D69291F130F2200C89DC6 /* FirebaseUtils.swift */; };
		A02D692C1F130F3E00C89DC6 /* HomeReviewCell.swift in Sources */ = {isa = PBXBuildFile; fileRef = A02D692B1F130F3E00C89DC6 /* HomeReviewCell.swift */; };
		A02D692E1F130F5800C89DC6 /* LoginController.swift in Sources */ = {isa = PBXBuildFile; fileRef = A02D692D1F130F5800C89DC6 /* LoginController.swift */; };
		A02D69301F130F7000C89DC6 /* MainTabBarController.swift in Sources */ = {isa = PBXBuildFile; fileRef = A02D692F1F130F7000C89DC6 /* MainTabBarController.swift */; };
		A02D69321F130F8400C89DC6 /* Review.swift in Sources */ = {isa = PBXBuildFile; fileRef = A02D69311F130F8400C89DC6 /* Review.swift */; };
		A02D69341F130FA200C89DC6 /* SignUpController.swift in Sources */ = {isa = PBXBuildFile; fileRef = A02D69331F130FA200C89DC6 /* SignUpController.swift */; };
		A02D69361F130FCB00C89DC6 /* StartViewController.swift in Sources */ = {isa = PBXBuildFile; fileRef = A02D69351F130FCB00C89DC6 /* StartViewController.swift */; };
		A02D69381F130FE800C89DC6 /* TermsOfServiceController.swift in Sources */ = {isa = PBXBuildFile; fileRef = A02D69371F130FE800C89DC6 /* TermsOfServiceController.swift */; };
		A02D693A1F130FF700C89DC6 /* User.swift in Sources */ = {isa = PBXBuildFile; fileRef = A02D69391F130FF700C89DC6 /* User.swift */; };
		A02D693C1F13100E00C89DC6 /* UserDataController.swift in Sources */ = {isa = PBXBuildFile; fileRef = A02D693B1F13100E00C89DC6 /* UserDataController.swift */; };
		A02D693E1F13102400C89DC6 /* UserProfileController.swift in Sources */ = {isa = PBXBuildFile; fileRef = A02D693D1F13102400C89DC6 /* UserProfileController.swift */; };
		A02D69401F13103900C89DC6 /* UserProfileHeader.swift in Sources */ = {isa = PBXBuildFile; fileRef = A02D693F1F13103900C89DC6 /* UserProfileHeader.swift */; };
		A02D69421F13105000C89DC6 /* UserRankingCell.swift in Sources */ = {isa = PBXBuildFile; fileRef = A02D69411F13105000C89DC6 /* UserRankingCell.swift */; };
		A02D69441F13106600C89DC6 /* UserRankingController.swift in Sources */ = {isa = PBXBuildFile; fileRef = A02D69431F13106600C89DC6 /* UserRankingController.swift */; };
		A02D69461F13108100C89DC6 /* UserSearchCell.swift in Sources */ = {isa = PBXBuildFile; fileRef = A02D69451F13108100C89DC6 /* UserSearchCell.swift */; };
		A02D69481F13109E00C89DC6 /* UserSearchController.swift in Sources */ = {isa = PBXBuildFile; fileRef = A02D69471F13109E00C89DC6 /* UserSearchController.swift */; };
		A02D694A1F1310B000C89DC6 /* UserSearchHeader.swift in Sources */ = {isa = PBXBuildFile; fileRef = A02D69491F1310B000C89DC6 /* UserSearchHeader.swift */; };
		A02D694C1F1310CC00C89DC6 /* WriteReviewController.swift in Sources */ = {isa = PBXBuildFile; fileRef = A02D694B1F1310CC00C89DC6 /* WriteReviewController.swift */; };
		A02D69521F13112400C89DC6 /* friends.jpg in Resources */ = {isa = PBXBuildFile; fileRef = A02D69511F13112400C89DC6 /* friends.jpg */; };
		A02D69541F13113300C89DC6 /* humans.png in Resources */ = {isa = PBXBuildFile; fileRef = A02D69531F13113300C89DC6 /* humans.png */; };
		A02D695B1F13118800C89DC6 /* SF-UI-Display-Bold.otf in Resources */ = {isa = PBXBuildFile; fileRef = A02D69551F13118800C89DC6 /* SF-UI-Display-Bold.otf */; };
		A02D695C1F13118800C89DC6 /* SF-UI-Display-Light.otf in Resources */ = {isa = PBXBuildFile; fileRef = A02D69561F13118800C89DC6 /* SF-UI-Display-Light.otf */; };
		A02D695D1F13118800C89DC6 /* SF-UI-Display-Medium.otf in Resources */ = {isa = PBXBuildFile; fileRef = A02D69571F13118800C89DC6 /* SF-UI-Display-Medium.otf */; };
		A02D695E1F13118800C89DC6 /* SF-UI-Display-Regular.otf in Resources */ = {isa = PBXBuildFile; fileRef = A02D69581F13118800C89DC6 /* SF-UI-Display-Regular.otf */; };
		A02D695F1F13118800C89DC6 /* SF-UI-Display-Semibold.otf in Resources */ = {isa = PBXBuildFile; fileRef = A02D69591F13118800C89DC6 /* SF-UI-Display-Semibold.otf */; };
		A02D69601F13118800C89DC6 /* SF-UI-Display-Thin.otf in Resources */ = {isa = PBXBuildFile; fileRef = A02D695A1F13118800C89DC6 /* SF-UI-Display-Thin.otf */; };
		A02D69621F1312C100C89DC6 /* social_reputation.png in Resources */ = {isa = PBXBuildFile; fileRef = A02D69611F1312C100C89DC6 /* social_reputation.png */; };
		A044A6121F130412002F6A10 /* AppDelegate.swift in Sources */ = {isa = PBXBuildFile; fileRef = A044A6111F130412002F6A10 /* AppDelegate.swift */; };
		A044A6171F130412002F6A10 /* Main.storyboard in Resources */ = {isa = PBXBuildFile; fileRef = A044A6151F130412002F6A10 /* Main.storyboard */; };
		A044A6191F130413002F6A10 /* Assets.xcassets in Resources */ = {isa = PBXBuildFile; fileRef = A044A6181F130413002F6A10 /* Assets.xcassets */; };
		A044A61C1F130413002F6A10 /* LaunchScreen.storyboard in Resources */ = {isa = PBXBuildFile; fileRef = A044A61A1F130413002F6A10 /* LaunchScreen.storyboard */; };
		A044A6241F130570002F6A10 /* GoogleService-Info.plist in Resources */ = {isa = PBXBuildFile; fileRef = A044A6231F130570002F6A10 /* GoogleService-Info.plist */; };
		A052D4F91F13486500DC6891 /* add_photo.png in Resources */ = {isa = PBXBuildFile; fileRef = A052D4F81F13486500DC6891 /* add_photo.png */; };
/* End PBXBuildFile section */

/* Begin PBXFileReference section */
		152BB8C578D5B3C68E036290 /* Pods_Humans.framework */ = {isa = PBXFileReference; explicitFileType = wrapper.framework; includeInIndex = 0; path = Pods_Humans.framework; sourceTree = BUILT_PRODUCTS_DIR; };
		9F7DBC11045B8F99D24EB87E /* Pods-Humans.debug.xcconfig */ = {isa = PBXFileReference; includeInIndex = 1; lastKnownFileType = text.xcconfig; name = "Pods-Humans.debug.xcconfig"; path = "Pods/Target Support Files/Pods-Humans/Pods-Humans.debug.xcconfig"; sourceTree = "<group>"; };
		A02B250921CD9C7800819FB7 /* UserViewModel.swift */ = {isa = PBXFileReference; lastKnownFileType = sourcecode.swift; path = UserViewModel.swift; sourceTree = "<group>"; };
		A02B250B21CD9EB500819FB7 /* ReviewViewModel.swift */ = {isa = PBXFileReference; lastKnownFileType = sourcecode.swift; path = ReviewViewModel.swift; sourceTree = "<group>"; };
		A02B250D21CDB9C300819FB7 /* Constants.swift */ = {isa = PBXFileReference; lastKnownFileType = sourcecode.swift; path = Constants.swift; sourceTree = "<group>"; };
		A02D69211F130E4D00C89DC6 /* AddPeopleController.swift */ = {isa = PBXFileReference; fileEncoding = 4; lastKnownFileType = sourcecode.swift; path = AddPeopleController.swift; sourceTree = "<group>"; };
		A02D69231F130ECF00C89DC6 /* Reachability.swift */ = {isa = PBXFileReference; fileEncoding = 4; lastKnownFileType = sourcecode.swift; path = Reachability.swift; sourceTree = "<group>"; };
		A02D69251F130EF000C89DC6 /* CustomImageView.swift */ = {isa = PBXFileReference; fileEncoding = 4; lastKnownFileType = sourcecode.swift; path = CustomImageView.swift; sourceTree = "<group>"; };
		A02D69271F130F0A00C89DC6 /* Extensions.swift */ = {isa = PBXFileReference; fileEncoding = 4; lastKnownFileType = sourcecode.swift; path = Extensions.swift; sourceTree = "<group>"; };
		A02D69291F130F2200C89DC6 /* FirebaseUtils.swift */ = {isa = PBXFileReference; fileEncoding = 4; lastKnownFileType = sourcecode.swift; path = FirebaseUtils.swift; sourceTree = "<group>"; };
		A02D692B1F130F3E00C89DC6 /* HomeReviewCell.swift */ = {isa = PBXFileReference; fileEncoding = 4; lastKnownFileType = sourcecode.swift; path = HomeReviewCell.swift; sourceTree = "<group>"; };
		A02D692D1F130F5800C89DC6 /* LoginController.swift */ = {isa = PBXFileReference; fileEncoding = 4; lastKnownFileType = sourcecode.swift; path = LoginController.swift; sourceTree = "<group>"; };
		A02D692F1F130F7000C89DC6 /* MainTabBarController.swift */ = {isa = PBXFileReference; fileEncoding = 4; lastKnownFileType = sourcecode.swift; path = MainTabBarController.swift; sourceTree = "<group>"; };
		A02D69311F130F8400C89DC6 /* Review.swift */ = {isa = PBXFileReference; fileEncoding = 4; lastKnownFileType = sourcecode.swift; path = Review.swift; sourceTree = "<group>"; };
		A02D69331F130FA200C89DC6 /* SignUpController.swift */ = {isa = PBXFileReference; fileEncoding = 4; lastKnownFileType = sourcecode.swift; path = SignUpController.swift; sourceTree = "<group>"; };
		A02D69351F130FCB00C89DC6 /* StartViewController.swift */ = {isa = PBXFileReference; fileEncoding = 4; lastKnownFileType = sourcecode.swift; path = StartViewController.swift; sourceTree = "<group>"; };
		A02D69371F130FE800C89DC6 /* TermsOfServiceController.swift */ = {isa = PBXFileReference; fileEncoding = 4; lastKnownFileType = sourcecode.swift; path = TermsOfServiceController.swift; sourceTree = "<group>"; };
		A02D69391F130FF700C89DC6 /* User.swift */ = {isa = PBXFileReference; fileEncoding = 4; lastKnownFileType = sourcecode.swift; path = User.swift; sourceTree = "<group>"; };
		A02D693B1F13100E00C89DC6 /* UserDataController.swift */ = {isa = PBXFileReference; fileEncoding = 4; lastKnownFileType = sourcecode.swift; path = UserDataController.swift; sourceTree = "<group>"; };
		A02D693D1F13102400C89DC6 /* UserProfileController.swift */ = {isa = PBXFileReference; fileEncoding = 4; lastKnownFileType = sourcecode.swift; path = UserProfileController.swift; sourceTree = "<group>"; };
		A02D693F1F13103900C89DC6 /* UserProfileHeader.swift */ = {isa = PBXFileReference; fileEncoding = 4; lastKnownFileType = sourcecode.swift; path = UserProfileHeader.swift; sourceTree = "<group>"; };
		A02D69411F13105000C89DC6 /* UserRankingCell.swift */ = {isa = PBXFileReference; fileEncoding = 4; lastKnownFileType = sourcecode.swift; path = UserRankingCell.swift; sourceTree = "<group>"; };
		A02D69431F13106600C89DC6 /* UserRankingController.swift */ = {isa = PBXFileReference; fileEncoding = 4; lastKnownFileType = sourcecode.swift; path = UserRankingController.swift; sourceTree = "<group>"; };
		A02D69451F13108100C89DC6 /* UserSearchCell.swift */ = {isa = PBXFileReference; fileEncoding = 4; lastKnownFileType = sourcecode.swift; path = UserSearchCell.swift; sourceTree = "<group>"; };
		A02D69471F13109E00C89DC6 /* UserSearchController.swift */ = {isa = PBXFileReference; fileEncoding = 4; lastKnownFileType = sourcecode.swift; path = UserSearchController.swift; sourceTree = "<group>"; };
		A02D69491F1310B000C89DC6 /* UserSearchHeader.swift */ = {isa = PBXFileReference; fileEncoding = 4; lastKnownFileType = sourcecode.swift; path = UserSearchHeader.swift; sourceTree = "<group>"; };
		A02D694B1F1310CC00C89DC6 /* WriteReviewController.swift */ = {isa = PBXFileReference; fileEncoding = 4; lastKnownFileType = sourcecode.swift; path = WriteReviewController.swift; sourceTree = "<group>"; };
		A02D69511F13112400C89DC6 /* friends.jpg */ = {isa = PBXFileReference; lastKnownFileType = image.jpeg; path = friends.jpg; sourceTree = "<group>"; };
		A02D69531F13113300C89DC6 /* humans.png */ = {isa = PBXFileReference; lastKnownFileType = image.png; path = humans.png; sourceTree = "<group>"; };
		A02D69551F13118800C89DC6 /* SF-UI-Display-Bold.otf */ = {isa = PBXFileReference; lastKnownFileType = file; path = "SF-UI-Display-Bold.otf"; sourceTree = "<group>"; };
		A02D69561F13118800C89DC6 /* SF-UI-Display-Light.otf */ = {isa = PBXFileReference; lastKnownFileType = file; path = "SF-UI-Display-Light.otf"; sourceTree = "<group>"; };
		A02D69571F13118800C89DC6 /* SF-UI-Display-Medium.otf */ = {isa = PBXFileReference; lastKnownFileType = file; path = "SF-UI-Display-Medium.otf"; sourceTree = "<group>"; };
		A02D69581F13118800C89DC6 /* SF-UI-Display-Regular.otf */ = {isa = PBXFileReference; lastKnownFileType = file; path = "SF-UI-Display-Regular.otf"; sourceTree = "<group>"; };
		A02D69591F13118800C89DC6 /* SF-UI-Display-Semibold.otf */ = {isa = PBXFileReference; lastKnownFileType = file; path = "SF-UI-Display-Semibold.otf"; sourceTree = "<group>"; };
		A02D695A1F13118800C89DC6 /* SF-UI-Display-Thin.otf */ = {isa = PBXFileReference; lastKnownFileType = file; path = "SF-UI-Display-Thin.otf"; sourceTree = "<group>"; };
		A02D69611F1312C100C89DC6 /* social_reputation.png */ = {isa = PBXFileReference; lastKnownFileType = image.png; path = social_reputation.png; sourceTree = "<group>"; };
		A044A60E1F130412002F6A10 /* Gou.app */ = {isa = PBXFileReference; explicitFileType = wrapper.application; includeInIndex = 0; path = Gou.app; sourceTree = BUILT_PRODUCTS_DIR; };
		A044A6111F130412002F6A10 /* AppDelegate.swift */ = {isa = PBXFileReference; lastKnownFileType = sourcecode.swift; path = AppDelegate.swift; sourceTree = "<group>"; };
		A044A6161F130412002F6A10 /* Base */ = {isa = PBXFileReference; lastKnownFileType = file.storyboard; name = Base; path = Base.lproj/Main.storyboard; sourceTree = "<group>"; };
		A044A6181F130413002F6A10 /* Assets.xcassets */ = {isa = PBXFileReference; lastKnownFileType = folder.assetcatalog; path = Assets.xcassets; sourceTree = "<group>"; };
		A044A61B1F130413002F6A10 /* Base */ = {isa = PBXFileReference; lastKnownFileType = file.storyboard; name = Base; path = Base.lproj/LaunchScreen.storyboard; sourceTree = "<group>"; };
		A044A61D1F130413002F6A10 /* Info.plist */ = {isa = PBXFileReference; lastKnownFileType = text.plist.xml; path = Info.plist; sourceTree = "<group>"; };
		A044A6231F130570002F6A10 /* GoogleService-Info.plist */ = {isa = PBXFileReference; fileEncoding = 4; lastKnownFileType = text.plist.xml; path = "GoogleService-Info.plist"; sourceTree = "<group>"; };
		A052D4F81F13486500DC6891 /* add_photo.png */ = {isa = PBXFileReference; lastKnownFileType = image.png; path = add_photo.png; sourceTree = "<group>"; };
		B5F56AE3C628814F53B51608 /* Pods-Humans.release.xcconfig */ = {isa = PBXFileReference; includeInIndex = 1; lastKnownFileType = text.xcconfig; name = "Pods-Humans.release.xcconfig"; path = "Pods/Target Support Files/Pods-Humans/Pods-Humans.release.xcconfig"; sourceTree = "<group>"; };
		BA8F31C2B113097DE33D97F7 /* Pods-Gou.release.xcconfig */ = {isa = PBXFileReference; includeInIndex = 1; lastKnownFileType = text.xcconfig; name = "Pods-Gou.release.xcconfig"; path = "Pods/Target Support Files/Pods-Gou/Pods-Gou.release.xcconfig"; sourceTree = "<group>"; };
		E6F342BC2C5817A3E73198C9 /* Pods-Gou.debug.xcconfig */ = {isa = PBXFileReference; includeInIndex = 1; lastKnownFileType = text.xcconfig; name = "Pods-Gou.debug.xcconfig"; path = "Pods/Target Support Files/Pods-Gou/Pods-Gou.debug.xcconfig"; sourceTree = "<group>"; };
		F09F88D9F7E068C43CC8D860 /* Pods_Gou.framework */ = {isa = PBXFileReference; explicitFileType = wrapper.framework; includeInIndex = 0; path = Pods_Gou.framework; sourceTree = BUILT_PRODUCTS_DIR; };
/* End PBXFileReference section */

/* Begin PBXFrameworksBuildPhase section */
		A044A60B1F130412002F6A10 /* Frameworks */ = {
			isa = PBXFrameworksBuildPhase;
			buildActionMask = 2147483647;
			files = (
				1D2E042EDEEEB531658010F0 /* Pods_Gou.framework in Frameworks */,
			);
			runOnlyForDeploymentPostprocessing = 0;
		};
/* End PBXFrameworksBuildPhase section */

/* Begin PBXGroup section */
		1CB7E925D94983AE05F936FB /* Frameworks */ = {
			isa = PBXGroup;
			children = (
				152BB8C578D5B3C68E036290 /* Pods_Humans.framework */,
				F09F88D9F7E068C43CC8D860 /* Pods_Gou.framework */,
			);
			name = Frameworks;
			sourceTree = "<group>";
		};
		A02B250821CD9C6800819FB7 /* ViewModel */ = {
			isa = PBXGroup;
			children = (
				A02B250921CD9C7800819FB7 /* UserViewModel.swift */,
				A02B250B21CD9EB500819FB7 /* ReviewViewModel.swift */,
			);
			name = ViewModel;
			sourceTree = "<group>";
		};
		A02B250F21CDE98200819FB7 /* Controller */ = {
			isa = PBXGroup;
			children = (
				A02D692F1F130F7000C89DC6 /* MainTabBarController.swift */,
				A02D696D1F131C3600C89DC6 /* AddPeople */,
				A02D696A1F131BC000C89DC6 /* WriteReview */,
				A02D69651F131B8500C89DC6 /* Login/Signup */,
				A02D69671F131BA200C89DC6 /* UserProfile */,
				A02D69681F131BAE00C89DC6 /* UserRanking */,
				A02D69691F131BB700C89DC6 /* UserSearch */,
			);
			name = Controller;
			sourceTree = "<group>";
		};
		A02B251021CDE9C800819FB7 /* View */ = {
			isa = PBXGroup;
			children = (
				A02B251321CDE9F200819FB7 /* UserSearch */,
				A02B251221CDE9E600819FB7 /* UserRanking */,
				A02B251121CDE9D700819FB7 /* UserProfile */,
			);
			name = View;
			sourceTree = "<group>";
		};
		A02B251121CDE9D700819FB7 /* UserProfile */ = {
			isa = PBXGroup;
			children = (
				A02D693F1F13103900C89DC6 /* UserProfileHeader.swift */,
				A02D692B1F130F3E00C89DC6 /* HomeReviewCell.swift */,
			);
			name = UserProfile;
			sourceTree = "<group>";
		};
		A02B251221CDE9E600819FB7 /* UserRanking */ = {
			isa = PBXGroup;
			children = (
				A02D69411F13105000C89DC6 /* UserRankingCell.swift */,
			);
			name = UserRanking;
			sourceTree = "<group>";
		};
		A02B251321CDE9F200819FB7 /* UserSearch */ = {
			isa = PBXGroup;
			children = (
				A02D69451F13108100C89DC6 /* UserSearchCell.swift */,
				A02D69491F1310B000C89DC6 /* UserSearchHeader.swift */,
			);
			name = UserSearch;
			sourceTree = "<group>";
		};
		A02D69641F131B6C00C89DC6 /* Supporting files */ = {
			isa = PBXGroup;
			children = (
				A02D696C1F131BF800C89DC6 /* Images */,
				A02D696B1F131BE700C89DC6 /* Fonts */,
				A02D69231F130ECF00C89DC6 /* Reachability.swift */,
				A02D69251F130EF000C89DC6 /* CustomImageView.swift */,
				A02D69271F130F0A00C89DC6 /* Extensions.swift */,
				A02D69291F130F2200C89DC6 /* FirebaseUtils.swift */,
				A02B250D21CDB9C300819FB7 /* Constants.swift */,
			);
			name = "Supporting files";
			sourceTree = "<group>";
		};
		A02D69651F131B8500C89DC6 /* Login/Signup */ = {
			isa = PBXGroup;
			children = (
				A02D692D1F130F5800C89DC6 /* LoginController.swift */,
				A02D69331F130FA200C89DC6 /* SignUpController.swift */,
				A02D69351F130FCB00C89DC6 /* StartViewController.swift */,
				A02D69371F130FE800C89DC6 /* TermsOfServiceController.swift */,
				A02D693B1F13100E00C89DC6 /* UserDataController.swift */,
			);
			name = Login/Signup;
			sourceTree = "<group>";
		};
		A02D69661F131B9A00C89DC6 /* Model */ = {
			isa = PBXGroup;
			children = (
				A02D69311F130F8400C89DC6 /* Review.swift */,
				A02D69391F130FF700C89DC6 /* User.swift */,
			);
			name = Model;
			sourceTree = "<group>";
		};
		A02D69671F131BA200C89DC6 /* UserProfile */ = {
			isa = PBXGroup;
			children = (
				A02D693D1F13102400C89DC6 /* UserProfileController.swift */,
			);
			name = UserProfile;
			sourceTree = "<group>";
		};
		A02D69681F131BAE00C89DC6 /* UserRanking */ = {
			isa = PBXGroup;
			children = (
				A02D69431F13106600C89DC6 /* UserRankingController.swift */,
			);
			name = UserRanking;
			sourceTree = "<group>";
		};
		A02D69691F131BB700C89DC6 /* UserSearch */ = {
			isa = PBXGroup;
			children = (
				A02D69471F13109E00C89DC6 /* UserSearchController.swift */,
			);
			name = UserSearch;
			sourceTree = "<group>";
		};
		A02D696A1F131BC000C89DC6 /* WriteReview */ = {
			isa = PBXGroup;
			children = (
				A02D694B1F1310CC00C89DC6 /* WriteReviewController.swift */,
			);
			name = WriteReview;
			sourceTree = "<group>";
		};
		A02D696B1F131BE700C89DC6 /* Fonts */ = {
			isa = PBXGroup;
			children = (
				A02D69551F13118800C89DC6 /* SF-UI-Display-Bold.otf */,
				A02D69561F13118800C89DC6 /* SF-UI-Display-Light.otf */,
				A02D69571F13118800C89DC6 /* SF-UI-Display-Medium.otf */,
				A02D69581F13118800C89DC6 /* SF-UI-Display-Regular.otf */,
				A02D69591F13118800C89DC6 /* SF-UI-Display-Semibold.otf */,
				A02D695A1F13118800C89DC6 /* SF-UI-Display-Thin.otf */,
			);
			name = Fonts;
			sourceTree = "<group>";
		};
		A02D696C1F131BF800C89DC6 /* Images */ = {
			isa = PBXGroup;
			children = (
				A02D69511F13112400C89DC6 /* friends.jpg */,
				A02D69531F13113300C89DC6 /* humans.png */,
				A02D69611F1312C100C89DC6 /* social_reputation.png */,
				A052D4F81F13486500DC6891 /* add_photo.png */,
			);
			name = Images;
			sourceTree = "<group>";
		};
		A02D696D1F131C3600C89DC6 /* AddPeople */ = {
			isa = PBXGroup;
			children = (
				A02D69211F130E4D00C89DC6 /* AddPeopleController.swift */,
			);
			name = AddPeople;
			sourceTree = "<group>";
		};
		A044A6051F130412002F6A10 = {
			isa = PBXGroup;
			children = (
				A044A6101F130412002F6A10 /* Gou */,
				A044A60F1F130412002F6A10 /* Products */,
				F33FEADF65F0701BA59B3A9F /* Pods */,
				1CB7E925D94983AE05F936FB /* Frameworks */,
			);
			sourceTree = "<group>";
		};
		A044A60F1F130412002F6A10 /* Products */ = {
			isa = PBXGroup;
			children = (
				A044A60E1F130412002F6A10 /* Gou.app */,
			);
			name = Products;
			sourceTree = "<group>";
		};
		A044A6101F130412002F6A10 /* Gou */ = {
			isa = PBXGroup;
			children = (
				A02B251021CDE9C800819FB7 /* View */,
				A02B250821CD9C6800819FB7 /* ViewModel */,
				A02B250F21CDE98200819FB7 /* Controller */,
				A02D69661F131B9A00C89DC6 /* Model */,
				A02D69641F131B6C00C89DC6 /* Supporting files */,
				A044A6111F130412002F6A10 /* AppDelegate.swift */,
				A044A6181F130413002F6A10 /* Assets.xcassets */,
				A044A61A1F130413002F6A10 /* LaunchScreen.storyboard */,
				A044A61D1F130413002F6A10 /* Info.plist */,
				A044A6231F130570002F6A10 /* GoogleService-Info.plist */,
				A044A6151F130412002F6A10 /* Main.storyboard */,
			);
			path = Gou;
			sourceTree = "<group>";
		};
		F33FEADF65F0701BA59B3A9F /* Pods */ = {
			isa = PBXGroup;
			children = (
				9F7DBC11045B8F99D24EB87E /* Pods-Humans.debug.xcconfig */,
				B5F56AE3C628814F53B51608 /* Pods-Humans.release.xcconfig */,
				E6F342BC2C5817A3E73198C9 /* Pods-Gou.debug.xcconfig */,
				BA8F31C2B113097DE33D97F7 /* Pods-Gou.release.xcconfig */,
			);
			name = Pods;
			sourceTree = "<group>";
		};
/* End PBXGroup section */

/* Begin PBXNativeTarget section */
		A044A60D1F130412002F6A10 /* Gou */ = {
			isa = PBXNativeTarget;
			buildConfigurationList = A044A6201F130413002F6A10 /* Build configuration list for PBXNativeTarget "Gou" */;
			buildPhases = (
				69D686F5BFDA9AA1775366D5 /* [CP] Check Pods Manifest.lock */,
				A044A60A1F130412002F6A10 /* Sources */,
				A044A60B1F130412002F6A10 /* Frameworks */,
				A044A60C1F130412002F6A10 /* Resources */,
				0686350F3D8EA5E6D3A6AF39 /* [CP] Embed Pods Frameworks */,
				6E567AD1D487147140985AAE /* [CP] Copy Pods Resources */,
			);
			buildRules = (
			);
			dependencies = (
			);
			name = Gou;
			productName = Humans;
			productReference = A044A60E1F130412002F6A10 /* Gou.app */;
			productType = "com.apple.product-type.application";
		};
/* End PBXNativeTarget section */

/* Begin PBXProject section */
		A044A6061F130412002F6A10 /* Project object */ = {
			isa = PBXProject;
			attributes = {
				LastSwiftUpdateCheck = 0820;
				LastUpgradeCheck = 0820;
				ORGANIZATIONNAME = OmarTorres;
				TargetAttributes = {
					A044A60D1F130412002F6A10 = {
						CreatedOnToolsVersion = 8.2;
						DevelopmentTeam = W7KDN9ZT24;
						LastSwiftMigration = 1010;
						ProvisioningStyle = Automatic;
					};
				};
			};
			buildConfigurationList = A044A6091F130412002F6A10 /* Build configuration list for PBXProject "Gou" */;
			compatibilityVersion = "Xcode 3.2";
			developmentRegion = English;
			hasScannedForEncodings = 0;
			knownRegions = (
				en,
				Base,
			);
			mainGroup = A044A6051F130412002F6A10;
			productRefGroup = A044A60F1F130412002F6A10 /* Products */;
			projectDirPath = "";
			projectRoot = "";
			targets = (
				A044A60D1F130412002F6A10 /* Gou */,
			);
		};
/* End PBXProject section */

/* Begin PBXResourcesBuildPhase section */
		A044A60C1F130412002F6A10 /* Resources */ = {
			isa = PBXResourcesBuildPhase;
			buildActionMask = 2147483647;
			files = (
				A02D695C1F13118800C89DC6 /* SF-UI-Display-Light.otf in Resources */,
				A02D69621F1312C100C89DC6 /* social_reputation.png in Resources */,
				A02D69521F13112400C89DC6 /* friends.jpg in Resources */,
				A02D695E1F13118800C89DC6 /* SF-UI-Display-Regular.otf in Resources */,
				A02D695D1F13118800C89DC6 /* SF-UI-Display-Medium.otf in Resources */,
				A02D69541F13113300C89DC6 /* humans.png in Resources */,
				A02D695F1F13118800C89DC6 /* SF-UI-Display-Semibold.otf in Resources */,
				A044A61C1F130413002F6A10 /* LaunchScreen.storyboard in Resources */,
				A044A6241F130570002F6A10 /* GoogleService-Info.plist in Resources */,
				A052D4F91F13486500DC6891 /* add_photo.png in Resources */,
				A044A6191F130413002F6A10 /* Assets.xcassets in Resources */,
				A044A6171F130412002F6A10 /* Main.storyboard in Resources */,
				A02D69601F13118800C89DC6 /* SF-UI-Display-Thin.otf in Resources */,
				A02D695B1F13118800C89DC6 /* SF-UI-Display-Bold.otf in Resources */,
			);
			runOnlyForDeploymentPostprocessing = 0;
		};
/* End PBXResourcesBuildPhase section */

/* Begin PBXShellScriptBuildPhase section */
		0686350F3D8EA5E6D3A6AF39 /* [CP] Embed Pods Frameworks */ = {
			isa = PBXShellScriptBuildPhase;
			buildActionMask = 2147483647;
			files = (
			);
			inputPaths = (
			);
			name = "[CP] Embed Pods Frameworks";
			outputPaths = (
			);
			runOnlyForDeploymentPostprocessing = 0;
			shellPath = /bin/sh;
			shellScript = "\"${SRCROOT}/Pods/Target Support Files/Pods-Gou/Pods-Gou-frameworks.sh\"\n";
			showEnvVarsInLog = 0;
		};
		69D686F5BFDA9AA1775366D5 /* [CP] Check Pods Manifest.lock */ = {
			isa = PBXShellScriptBuildPhase;
			buildActionMask = 2147483647;
			files = (
			);
			inputPaths = (
			);
			name = "[CP] Check Pods Manifest.lock";
			outputPaths = (
			);
			runOnlyForDeploymentPostprocessing = 0;
			shellPath = /bin/sh;
			shellScript = "diff \"${PODS_PODFILE_DIR_PATH}/Podfile.lock\" \"${PODS_ROOT}/Manifest.lock\" > /dev/null\nif [ $? != 0 ] ; then\n    # print error to STDERR\n    echo \"error: The sandbox is not in sync with the Podfile.lock. Run 'pod install' or update your CocoaPods installation.\" >&2\n    exit 1\nfi\n";
			showEnvVarsInLog = 0;
		};
		6E567AD1D487147140985AAE /* [CP] Copy Pods Resources */ = {
			isa = PBXShellScriptBuildPhase;
			buildActionMask = 2147483647;
			files = (
			);
			inputPaths = (
			);
			name = "[CP] Copy Pods Resources";
			outputPaths = (
			);
			runOnlyForDeploymentPostprocessing = 0;
			shellPath = /bin/sh;
			shellScript = "\"${SRCROOT}/Pods/Target Support Files/Pods-Gou/Pods-Gou-resources.sh\"\n";
			showEnvVarsInLog = 0;
		};
/* End PBXShellScriptBuildPhase section */

/* Begin PBXSourcesBuildPhase section */
		A044A60A1F130412002F6A10 /* Sources */ = {
			isa = PBXSourcesBuildPhase;
			buildActionMask = 2147483647;
			files = (
				A02D69481F13109E00C89DC6 /* UserSearchController.swift in Sources */,
				A02B250A21CD9C7800819FB7 /* UserViewModel.swift in Sources */,
				A02D693C1F13100E00C89DC6 /* UserDataController.swift in Sources */,
				A02D69381F130FE800C89DC6 /* TermsOfServiceController.swift in Sources */,
				A02D69441F13106600C89DC6 /* UserRankingController.swift in Sources */,
				A02D69401F13103900C89DC6 /* UserProfileHeader.swift in Sources */,
				A02D69281F130F0A00C89DC6 /* Extensions.swift in Sources */,
				A02B250E21CDB9C300819FB7 /* Constants.swift in Sources */,
				A02D694C1F1310CC00C89DC6 /* WriteReviewController.swift in Sources */,
				A02D69301F130F7000C89DC6 /* MainTabBarController.swift in Sources */,
				A02D692C1F130F3E00C89DC6 /* HomeReviewCell.swift in Sources */,
				A02D69221F130E4D00C89DC6 /* AddPeopleController.swift in Sources */,
				A02D693E1F13102400C89DC6 /* UserProfileController.swift in Sources */,
				A02D692E1F130F5800C89DC6 /* LoginController.swift in Sources */,
				A02D694A1F1310B000C89DC6 /* UserSearchHeader.swift in Sources */,
				A02D69321F130F8400C89DC6 /* Review.swift in Sources */,
				A02D693A1F130FF700C89DC6 /* User.swift in Sources */,
				A02D69241F130ECF00C89DC6 /* Reachability.swift in Sources */,
				A02D69421F13105000C89DC6 /* UserRankingCell.swift in Sources */,
				A02D69361F130FCB00C89DC6 /* StartViewController.swift in Sources */,
				A044A6121F130412002F6A10 /* AppDelegate.swift in Sources */,
				A02D692A1F130F2200C89DC6 /* FirebaseUtils.swift in Sources */,
				A02D69261F130EF000C89DC6 /* CustomImageView.swift in Sources */,
				A02D69461F13108100C89DC6 /* UserSearchCell.swift in Sources */,
				A02D69341F130FA200C89DC6 /* SignUpController.swift in Sources */,
				A02B250C21CD9EB500819FB7 /* ReviewViewModel.swift in Sources */,
			);
			runOnlyForDeploymentPostprocessing = 0;
		};
/* End PBXSourcesBuildPhase section */

/* Begin PBXVariantGroup section */
		A044A6151F130412002F6A10 /* Main.storyboard */ = {
			isa = PBXVariantGroup;
			children = (
				A044A6161F130412002F6A10 /* Base */,
			);
			name = Main.storyboard;
			sourceTree = "<group>";
		};
		A044A61A1F130413002F6A10 /* LaunchScreen.storyboard */ = {
			isa = PBXVariantGroup;
			children = (
				A044A61B1F130413002F6A10 /* Base */,
			);
			name = LaunchScreen.storyboard;
			sourceTree = "<group>";
		};
/* End PBXVariantGroup section */

/* Begin XCBuildConfiguration section */
		A044A61E1F130413002F6A10 /* Debug */ = {
			isa = XCBuildConfiguration;
			buildSettings = {
				ALWAYS_SEARCH_USER_PATHS = NO;
				CLANG_ANALYZER_NONNULL = YES;
				CLANG_CXX_LANGUAGE_STANDARD = "gnu++0x";
				CLANG_CXX_LIBRARY = "libc++";
				CLANG_ENABLE_MODULES = YES;
				CLANG_ENABLE_OBJC_ARC = YES;
				CLANG_WARN_BOOL_CONVERSION = YES;
				CLANG_WARN_CONSTANT_CONVERSION = YES;
				CLANG_WARN_DIRECT_OBJC_ISA_USAGE = YES_ERROR;
				CLANG_WARN_DOCUMENTATION_COMMENTS = YES;
				CLANG_WARN_EMPTY_BODY = YES;
				CLANG_WARN_ENUM_CONVERSION = YES;
				CLANG_WARN_INFINITE_RECURSION = YES;
				CLANG_WARN_INT_CONVERSION = YES;
				CLANG_WARN_OBJC_ROOT_CLASS = YES_ERROR;
				CLANG_WARN_SUSPICIOUS_MOVE = YES;
				CLANG_WARN_UNREACHABLE_CODE = YES;
				CLANG_WARN__DUPLICATE_METHOD_MATCH = YES;
				"CODE_SIGN_IDENTITY[sdk=iphoneos*]" = "iPhone Developer";
				COPY_PHASE_STRIP = NO;
				DEBUG_INFORMATION_FORMAT = dwarf;
				ENABLE_STRICT_OBJC_MSGSEND = YES;
				ENABLE_TESTABILITY = YES;
				GCC_C_LANGUAGE_STANDARD = gnu99;
				GCC_DYNAMIC_NO_PIC = NO;
				GCC_NO_COMMON_BLOCKS = YES;
				GCC_OPTIMIZATION_LEVEL = 0;
				GCC_PREPROCESSOR_DEFINITIONS = (
					"DEBUG=1",
					"$(inherited)",
				);
				GCC_WARN_64_TO_32_BIT_CONVERSION = YES;
				GCC_WARN_ABOUT_RETURN_TYPE = YES_ERROR;
				GCC_WARN_UNDECLARED_SELECTOR = YES;
				GCC_WARN_UNINITIALIZED_AUTOS = YES_AGGRESSIVE;
				GCC_WARN_UNUSED_FUNCTION = YES;
				GCC_WARN_UNUSED_VARIABLE = YES;
				IPHONEOS_DEPLOYMENT_TARGET = 10.2;
				MTL_ENABLE_DEBUG_INFO = YES;
				ONLY_ACTIVE_ARCH = YES;
				SDKROOT = iphoneos;
				SWIFT_ACTIVE_COMPILATION_CONDITIONS = DEBUG;
				SWIFT_OPTIMIZATION_LEVEL = "-Onone";
			};
			name = Debug;
		};
		A044A61F1F130413002F6A10 /* Release */ = {
			isa = XCBuildConfiguration;
			buildSettings = {
				ALWAYS_SEARCH_USER_PATHS = NO;
				CLANG_ANALYZER_NONNULL = YES;
				CLANG_CXX_LANGUAGE_STANDARD = "gnu++0x";
				CLANG_CXX_LIBRARY = "libc++";
				CLANG_ENABLE_MODULES = YES;
				CLANG_ENABLE_OBJC_ARC = YES;
				CLANG_WARN_BOOL_CONVERSION = YES;
				CLANG_WARN_CONSTANT_CONVERSION = YES;
				CLANG_WARN_DIRECT_OBJC_ISA_USAGE = YES_ERROR;
				CLANG_WARN_DOCUMENTATION_COMMENTS = YES;
				CLANG_WARN_EMPTY_BODY = YES;
				CLANG_WARN_ENUM_CONVERSION = YES;
				CLANG_WARN_INFINITE_RECURSION = YES;
				CLANG_WARN_INT_CONVERSION = YES;
				CLANG_WARN_OBJC_ROOT_CLASS = YES_ERROR;
				CLANG_WARN_SUSPICIOUS_MOVE = YES;
				CLANG_WARN_UNREACHABLE_CODE = YES;
				CLANG_WARN__DUPLICATE_METHOD_MATCH = YES;
				"CODE_SIGN_IDENTITY[sdk=iphoneos*]" = "iPhone Developer";
				COPY_PHASE_STRIP = NO;
				DEBUG_INFORMATION_FORMAT = "dwarf-with-dsym";
				ENABLE_NS_ASSERTIONS = NO;
				ENABLE_STRICT_OBJC_MSGSEND = YES;
				GCC_C_LANGUAGE_STANDARD = gnu99;
				GCC_NO_COMMON_BLOCKS = YES;
				GCC_WARN_64_TO_32_BIT_CONVERSION = YES;
				GCC_WARN_ABOUT_RETURN_TYPE = YES_ERROR;
				GCC_WARN_UNDECLARED_SELECTOR = YES;
				GCC_WARN_UNINITIALIZED_AUTOS = YES_AGGRESSIVE;
				GCC_WARN_UNUSED_FUNCTION = YES;
				GCC_WARN_UNUSED_VARIABLE = YES;
				IPHONEOS_DEPLOYMENT_TARGET = 10.2;
				MTL_ENABLE_DEBUG_INFO = NO;
				SDKROOT = iphoneos;
				SWIFT_OPTIMIZATION_LEVEL = "-Owholemodule";
				VALIDATE_PRODUCT = YES;
			};
			name = Release;
		};
		A044A6211F130413002F6A10 /* Debug */ = {
			isa = XCBuildConfiguration;
			baseConfigurationReference = E6F342BC2C5817A3E73198C9 /* Pods-Gou.debug.xcconfig */;
			buildSettings = {
				ASSETCATALOG_COMPILER_APPICON_NAME = AppIcon;
				DEVELOPMENT_TEAM = W7KDN9ZT24;
				INFOPLIST_FILE = Gou/Info.plist;
				LD_RUNPATH_SEARCH_PATHS = "$(inherited) @executable_path/Frameworks";
				PRODUCT_BUNDLE_IDENTIFIER = com.OmarTorres.Gou;
				PRODUCT_NAME = "$(TARGET_NAME)";
				SWIFT_SWIFT3_OBJC_INFERENCE = On;
				SWIFT_VERSION = 4.2;
			};
			name = Debug;
		};
		A044A6221F130413002F6A10 /* Release */ = {
			isa = XCBuildConfiguration;
			baseConfigurationReference = BA8F31C2B113097DE33D97F7 /* Pods-Gou.release.xcconfig */;
			buildSettings = {
				ASSETCATALOG_COMPILER_APPICON_NAME = AppIcon;
				DEVELOPMENT_TEAM = W7KDN9ZT24;
				INFOPLIST_FILE = Gou/Info.plist;
				LD_RUNPATH_SEARCH_PATHS = "$(inherited) @executable_path/Frameworks";
				PRODUCT_BUNDLE_IDENTIFIER = com.OmarTorres.Gou;
				PRODUCT_NAME = "$(TARGET_NAME)";
				SWIFT_SWIFT3_OBJC_INFERENCE = On;
				SWIFT_VERSION = 4.2;
			};
			name = Release;
		};
/* End XCBuildConfiguration section */

/* Begin XCConfigurationList section */
		A044A6091F130412002F6A10 /* Build configuration list for PBXProject "Gou" */ = {
			isa = XCConfigurationList;
			buildConfigurations = (
				A044A61E1F130413002F6A10 /* Debug */,
				A044A61F1F130413002F6A10 /* Release */,
			);
			defaultConfigurationIsVisible = 0;
			defaultConfigurationName = Release;
		};
		A044A6201F130413002F6A10 /* Build configuration list for PBXNativeTarget "Gou" */ = {
			isa = XCConfigurationList;
			buildConfigurations = (
				A044A6211F130413002F6A10 /* Debug */,
				A044A6221F130413002F6A10 /* Release */,
			);
			defaultConfigurationIsVisible = 0;
			defaultConfigurationName = Release;
		};
/* End XCConfigurationList section */
	};
	rootObject = A044A6061F130412002F6A10 /* Project object */;
}
